
Microsoft Visual Studio Solution File, Format Version 12.00
# Visual Studio Version 17
VisualStudioVersion = 17.0.31903.59
MinimumVisualStudioVersion = 10.0.40219.1
Project("{FAE04EC0-301F-11D3-BF4B-00C04F79EFBC}") = "Payment.Domain", "Payment.Domain\Payment.Domain.csproj", "{517A3F9D-CC39-4DEE-89ED-1A0DEE344A26}"
EndProject
Project("{FAE04EC0-301F-11D3-BF4B-00C04F79EFBC}") = "Payment.Application", "Payment.Application\Payment.Application.csproj", "{C27BBDAE-61D2-496E-B54D-BE61A6664175}"
EndProject
Project("{FAE04EC0-301F-11D3-BF4B-00C04F79EFBC}") = "Payment.Infrastructure", "Payment.Infrastructure\Payment.Infrastructure.csproj", "{632566EC-423E-448B-8A15-53C07594F9C7}"
EndProject
Project("{FAE04EC0-301F-11D3-BF4B-00C04F79EFBC}") = "Payment.API", "Payment.API\Payment.API.csproj", "{65D73054-9B68-4C05-BBAC-49A74FCFBDAD}"
EndProject
Project("{FAE04EC0-301F-11D3-BF4B-00C04F79EFBC}") = "Payment.UnitTests", "Payment.UnitTests\Payment.UnitTests.csproj", "{15F999D7-6D5E-421B-B0E3-C44E44AC7A7A}"
EndProject
Global
	GlobalSection(SolutionConfigurationPlatforms) = preSolution
		Debug|Any CPU = Debug|Any CPU
		Debug|x64 = Debug|x64
		Debug|x86 = Debug|x86
		Release|Any CPU = Release|Any CPU
		Release|x64 = Release|x64
		Release|x86 = Release|x86
	EndGlobalSection
	GlobalSection(ProjectConfigurationPlatforms) = postSolution
		{517A3F9D-CC39-4DEE-89ED-1A0DEE344A26}.Debug|Any CPU.ActiveCfg = Debug|Any CPU
		{517A3F9D-CC39-4DEE-89ED-1A0DEE344A26}.Debug|Any CPU.Build.0 = Debug|Any CPU
		{517A3F9D-CC39-4DEE-89ED-1A0DEE344A26}.Debug|x64.ActiveCfg = Debug|Any CPU
		{517A3F9D-CC39-4DEE-89ED-1A0DEE344A26}.Debug|x64.Build.0 = Debug|Any CPU
		{517A3F9D-CC39-4DEE-89ED-1A0DEE344A26}.Debug|x86.ActiveCfg = Debug|Any CPU
		{517A3F9D-CC39-4DEE-89ED-1A0DEE344A26}.Debug|x86.Build.0 = Debug|Any CPU
		{517A3F9D-CC39-4DEE-89ED-1A0DEE344A26}.Release|Any CPU.ActiveCfg = Release|Any CPU
		{517A3F9D-CC39-4DEE-89ED-1A0DEE344A26}.Release|Any CPU.Build.0 = Release|Any CPU
		{517A3F9D-CC39-4DEE-89ED-1A0DEE344A26}.Release|x64.ActiveCfg = Release|Any CPU
		{517A3F9D-CC39-4DEE-89ED-1A0DEE344A26}.Release|x64.Build.0 = Release|Any CPU
		{517A3F9D-CC39-4DEE-89ED-1A0DEE344A26}.Release|x86.ActiveCfg = Release|Any CPU
		{517A3F9D-CC39-4DEE-89ED-1A0DEE344A26}.Release|x86.Build.0 = Release|Any CPU
		{C27BBDAE-61D2-496E-B54D-BE61A6664175}.Debug|Any CPU.ActiveCfg = Debug|Any CPU
		{C27BBDAE-61D2-496E-B54D-BE61A6664175}.Debug|Any CPU.Build.0 = Debug|Any CPU
		{C27BBDAE-61D2-496E-B54D-BE61A6664175}.Debug|x64.ActiveCfg = Debug|Any CPU
		{C27BBDAE-61D2-496E-B54D-BE61A6664175}.Debug|x64.Build.0 = Debug|Any CPU
		{C27BBDAE-61D2-496E-B54D-BE61A6664175}.Debug|x86.ActiveCfg = Debug|Any CPU
		{C27BBDAE-61D2-496E-B54D-BE61A6664175}.Debug|x86.Build.0 = Debug|Any CPU
		{C27BBDAE-61D2-496E-B54D-BE61A6664175}.Release|Any CPU.ActiveCfg = Release|Any CPU
		{C27BBDAE-61D2-496E-B54D-BE61A6664175}.Release|Any CPU.Build.0 = Release|Any CPU
		{C27BBDAE-61D2-496E-B54D-BE61A6664175}.Release|x64.ActiveCfg = Release|Any CPU
		{C27BBDAE-61D2-496E-B54D-BE61A6664175}.Release|x64.Build.0 = Release|Any CPU
		{C27BBDAE-61D2-496E-B54D-BE61A6664175}.Release|x86.ActiveCfg = Release|Any CPU
		{C27BBDAE-61D2-496E-B54D-BE61A6664175}.Release|x86.Build.0 = Release|Any CPU
		{632566EC-423E-448B-8A15-53C07594F9C7}.Debug|Any CPU.ActiveCfg = Debug|Any CPU
		{632566EC-423E-448B-8A15-53C07594F9C7}.Debug|Any CPU.Build.0 = Debug|Any CPU
		{632566EC-423E-448B-8A15-53C07594F9C7}.Debug|x64.ActiveCfg = Debug|Any CPU
		{632566EC-423E-448B-8A15-53C07594F9C7}.Debug|x64.Build.0 = Debug|Any CPU
		{632566EC-423E-448B-8A15-53C07594F9C7}.Debug|x86.ActiveCfg = Debug|Any CPU
		{632566EC-423E-448B-8A15-53C07594F9C7}.Debug|x86.Build.0 = Debug|Any CPU
		{632566EC-423E-448B-8A15-53C07594F9C7}.Release|Any CPU.ActiveCfg = Release|Any CPU
		{632566EC-423E-448B-8A15-53C07594F9C7}.Release|Any CPU.Build.0 = Release|Any CPU
		{632566EC-423E-448B-8A15-53C07594F9C7}.Release|x64.ActiveCfg = Release|Any CPU
		{632566EC-423E-448B-8A15-53C07594F9C7}.Release|x64.Build.0 = Release|Any CPU
		{632566EC-423E-448B-8A15-53C07594F9C7}.Release|x86.ActiveCfg = Release|Any CPU
		{632566EC-423E-448B-8A15-53C07594F9C7}.Release|x86.Build.0 = Release|Any CPU
		{65D73054-9B68-4C05-BBAC-49A74FCFBDAD}.Debug|Any CPU.ActiveCfg = Debug|Any CPU
		{65D73054-9B68-4C05-BBAC-49A74FCFBDAD}.Debug|Any CPU.Build.0 = Debug|Any CPU
		{65D73054-9B68-4C05-BBAC-49A74FCFBDAD}.Debug|x64.ActiveCfg = Debug|Any CPU
		{65D73054-9B68-4C05-BBAC-49A74FCFBDAD}.Debug|x64.Build.0 = Debug|Any CPU
		{65D73054-9B68-4C05-BBAC-49A74FCFBDAD}.Debug|x86.ActiveCfg = Debug|Any CPU
		{65D73054-9B68-4C05-BBAC-49A74FCFBDAD}.Debug|x86.Build.0 = Debug|Any CPU
		{65D73054-9B68-4C05-BBAC-49A74FCFBDAD}.Release|Any CPU.ActiveCfg = Release|Any CPU
		{65D73054-9B68-4C05-BBAC-49A74FCFBDAD}.Release|Any CPU.Build.0 = Release|Any CPU
		{65D73054-9B68-4C05-BBAC-49A74FCFBDAD}.Release|x64.ActiveCfg = Release|Any CPU
		{65D73054-9B68-4C05-BBAC-49A74FCFBDAD}.Release|x64.Build.0 = Release|Any CPU
		{65D73054-9B68-4C05-BBAC-49A74FCFBDAD}.Release|x86.ActiveCfg = Release|Any CPU
		{65D73054-9B68-4C05-BBAC-49A74FCFBDAD}.Release|x86.Build.0 = Release|Any CPU
		{15F999D7-6D5E-421B-B0E3-C44E44AC7A7A}.Debug|Any CPU.ActiveCfg = Debug|Any CPU
		{15F999D7-6D5E-421B-B0E3-C44E44AC7A7A}.Debug|Any CPU.Build.0 = Debug|Any CPU
		{15F999D7-6D5E-421B-B0E3-C44E44AC7A7A}.Debug|x64.ActiveCfg = Debug|Any CPU
		{15F999D7-6D5E-421B-B0E3-C44E44AC7A7A}.Debug|x64.Build.0 = Debug|Any CPU
		{15F999D7-6D5E-421B-B0E3-C44E44AC7A7A}.Debug|x86.ActiveCfg = Debug|Any CPU
		{15F999D7-6D5E-421B-B0E3-C44E44AC7A7A}.Debug|x86.Build.0 = Debug|Any CPU
		{15F999D7-6D5E-421B-B0E3-C44E44AC7A7A}.Release|Any CPU.ActiveCfg = Release|Any CPU
		{15F999D7-6D5E-421B-B0E3-C44E44AC7A7A}.Release|Any CPU.Build.0 = Release|Any CPU
		{15F999D7-6D5E-421B-B0E3-C44E44AC7A7A}.Release|x64.ActiveCfg = Release|Any CPU
		{15F999D7-6D5E-421B-B0E3-C44E44AC7A7A}.Release|x64.Build.0 = Release|Any CPU
		{15F999D7-6D5E-421B-B0E3-C44E44AC7A7A}.Release|x86.ActiveCfg = Release|Any CPU
		{15F999D7-6D5E-421B-B0E3-C44E44AC7A7A}.Release|x86.Build.0 = Release|Any CPU
	EndGlobalSection
	GlobalSection(SolutionProperties) = preSolution
		HideSolutionNode = FALSE
	EndGlobalSection
EndGlobal
